
Microsoft Visual Studio Solution File, Format Version 12.00
# Visual Studio 15
VisualStudioVersion = 15.0.26430.12
MinimumVisualStudioVersion = 10.0.40219.1
Project("{FAE04EC0-301F-11D3-BF4B-00C04F79EFBC}") = "ChurchAdministrations", "ChurchAdministrations\ChurchAdministrations.csproj", "{8F78084F-F17E-4DD0-8A95-D7BD0727773B}"
EndProject
Project("{FAE04EC0-301F-11D3-BF4B-00C04F79EFBC}") = "ChurchAdminstrationsClient", "ChurchAdminstrationsClient\ChurchAdminstrationsClient.csproj", "{60CCABC9-D07C-4CAE-B1ED-7EF9D6E75313}"
EndProject
Global
	GlobalSection(SolutionConfigurationPlatforms) = preSolution
		Debug|Any CPU = Debug|Any CPU
		Release|Any CPU = Release|Any CPU
	EndGlobalSection
	GlobalSection(ProjectConfigurationPlatforms) = postSolution
		{8F78084F-F17E-4DD0-8A95-D7BD0727773B}.Debug|Any CPU.ActiveCfg = Debug|Any CPU
		{8F78084F-F17E-4DD0-8A95-D7BD0727773B}.Debug|Any CPU.Build.0 = Debug|Any CPU
		{8F78084F-F17E-4DD0-8A95-D7BD0727773B}.Release|Any CPU.ActiveCfg = Release|Any CPU
		{8F78084F-F17E-4DD0-8A95-D7BD0727773B}.Release|Any CPU.Build.0 = Release|Any CPU
		{60CCABC9-D07C-4CAE-B1ED-7EF9D6E75313}.Debug|Any CPU.ActiveCfg = Debug|Any CPU
		{60CCABC9-D07C-4CAE-B1ED-7EF9D6E75313}.Debug|Any CPU.Build.0 = Debug|Any CPU
		{60CCABC9-D07C-4CAE-B1ED-7EF9D6E75313}.Release|Any CPU.ActiveCfg = Release|Any CPU
		{60CCABC9-D07C-4CAE-B1ED-7EF9D6E75313}.Release|Any CPU.Build.0 = Release|Any CPU
	EndGlobalSection
	GlobalSection(SolutionProperties) = preSolution
		HideSolutionNode = FALSE
	EndGlobalSection
EndGlobal
